
Microsoft Visual Studio Solution File, Format Version 12.00
# Visual Studio Version 17
VisualStudioVersion = 17.11.35327.3
MinimumVisualStudioVersion = 10.0.40219.1
Project("{FAE04EC0-301F-11D3-BF4B-00C04F79EFBC}") = "Task2", "Task2\Task2.csproj", "{BBFF3736-B0EA-4B28-BEB0-DDFB450D4A23}"
EndProject
Global
	GlobalSection(SolutionConfigurationPlatforms) = preSolution
		Debug|Any CPU = Debug|Any CPU
		Release|Any CPU = Release|Any CPU
	EndGlobalSection
	GlobalSection(ProjectConfigurationPlatforms) = postSolution
		{BBFF3736-B0EA-4B28-BEB0-DDFB450D4A23}.Debug|Any CPU.ActiveCfg = Debug|Any CPU
		{BBFF3736-B0EA-4B28-BEB0-DDFB450D4A23}.Debug|Any CPU.Build.0 = Debug|Any CPU
		{BBFF3736-B0EA-4B28-BEB0-DDFB450D4A23}.Release|Any CPU.ActiveCfg = Release|Any CPU
		{BBFF3736-B0EA-4B28-BEB0-DDFB450D4A23}.Release|Any CPU.Build.0 = Release|Any CPU
	EndGlobalSection
	GlobalSection(SolutionProperties) = preSolution
		HideSolutionNode = FALSE
	EndGlobalSection
	GlobalSection(ExtensibilityGlobals) = postSolution
		SolutionGuid = {86441214-CAC0-42E8-881C-D81258145B6D}
	EndGlobalSection
EndGlobal
